
Microsoft Visual Studio Solution File, Format Version 12.00
# Visual Studio Version 17
VisualStudioVersion = 17.10.34928.147
MinimumVisualStudioVersion = 10.0.40219.1
Project("{FAE04EC0-301F-11D3-BF4B-00C04F79EFBC}") = "book store", "book store\book store.csproj", "{5AE3A8BD-21CA-4546-9DA1-494BDC21DFF2}"
EndProject
Global
	GlobalSection(SolutionConfigurationPlatforms) = preSolution
		Debug|Any CPU = Debug|Any CPU
		Release|Any CPU = Release|Any CPU
	EndGlobalSection
	GlobalSection(ProjectConfigurationPlatforms) = postSolution
		{5AE3A8BD-21CA-4546-9DA1-494BDC21DFF2}.Debug|Any CPU.ActiveCfg = Debug|Any CPU
		{5AE3A8BD-21CA-4546-9DA1-494BDC21DFF2}.Debug|Any CPU.Build.0 = Debug|Any CPU
		{5AE3A8BD-21CA-4546-9DA1-494BDC21DFF2}.Release|Any CPU.ActiveCfg = Release|Any CPU
		{5AE3A8BD-21CA-4546-9DA1-494BDC21DFF2}.Release|Any CPU.Build.0 = Release|Any CPU
	EndGlobalSection
	GlobalSection(SolutionProperties) = preSolution
		HideSolutionNode = FALSE
	EndGlobalSection
	GlobalSection(ExtensibilityGlobals) = postSolution
		SolutionGuid = {CB4AB031-8D33-4C29-B8D4-8772917A4CB0}
	EndGlobalSection
EndGlobal
